{
  "lockfileVersion": 1,
  "workspaces": {
    "": {
      "name": "@tailwindcss/bun",
      "dependencies": {
        "@tailwindcss/node": "4.0.9",
        "@tailwindcss/oxide": "file:///Users/zackradisic/Code/tailwind-pr/dist/tailwindcss-oxide.tgz",
        "tailwindcss": "4.0.9",
      },
      "devDependencies": {
        "@types/bun": "1.2.2",
      },
    },
  },
  "packages": {
    "@tailwindcss/node": ["@tailwindcss/node@4.0.9", "", { "dependencies": { "enhanced-resolve": "^5.18.1", "jiti": "^2.4.2", "tailwindcss": "4.0.9" } }, "sha512-tOJvdI7XfJbARYhxX+0RArAhmuDcczTC46DGCEziqxzzbIaPnfYaIyRT31n4u8lROrsO7Q6u/K9bmQHL2uL1bQ=="],

    "@tailwindcss/oxide": ["@tailwindcss/oxide@/Users/zackradisic/Code/tailwind-pr/dist/tailwindcss-oxide.tgz", { "optionalDependencies": { "@tailwindcss/oxide-darwin-arm64": "4.0.9", "@tailwindcss/oxide-darwin-x64": "4.0.9", "@tailwindcss/oxide-linux-arm64-gnu": "4.0.9", "@tailwindcss/oxide-linux-arm64-musl": "4.0.9", "@tailwindcss/oxide-linux-x64-gnu": "4.0.9", "@tailwindcss/oxide-linux-x64-musl": "4.0.9", "@tailwindcss/oxide-win32-x64-msvc": "4.0.9" } }],

    "@tailwindcss/oxide-darwin-arm64": ["@tailwindcss/oxide-darwin-arm64@4.0.9", "", { "os": "darwin", "cpu": "arm64" }, "sha512-pWdl4J2dIHXALgy2jVkwKBmtEb73kqIfMpYmcgESr7oPQ+lbcQ4+tlPeVXaSAmang+vglAfFpXQCOvs/aGSqlw=="],

    "@tailwindcss/oxide-darwin-x64": ["@tailwindcss/oxide-darwin-x64@4.0.9", "", { "os": "darwin", "cpu": "x64" }, "sha512-4Dq3lKp0/C7vrRSkNPtBGVebEyWt9QPPlQctxJ0H3MDyiQYvzVYf8jKow7h5QkWNe8hbatEqljMj/Y0M+ERYJg=="],

    "@tailwindcss/oxide-linux-arm64-gnu": ["@tailwindcss/oxide-linux-arm64-gnu@4.0.9", "", { "os": "linux", "cpu": "arm64" }, "sha512-jk90UZ0jzJl3Dy1BhuFfRZ2KP9wVKMXPjmCtY4U6fF2LvrjP5gWFJj5VHzfzHonJexjrGe1lMzgtjriuZkxagg=="],

    "@tailwindcss/oxide-linux-arm64-musl": ["@tailwindcss/oxide-linux-arm64-musl@4.0.9", "", { "os": "linux", "cpu": "arm64" }, "sha512-3eMjyTC6HBxh9nRgOHzrc96PYh1/jWOwHZ3Kk0JN0Kl25BJ80Lj9HEvvwVDNTgPg154LdICwuFLuhfgH9DULmg=="],

    "@tailwindcss/oxide-linux-x64-gnu": ["@tailwindcss/oxide-linux-x64-gnu@4.0.9", "", { "os": "linux", "cpu": "x64" }, "sha512-v0D8WqI/c3WpWH1kq/HP0J899ATLdGZmENa2/emmNjubT0sWtEke9W9+wXeEoACuGAhF9i3PO5MeyditpDCiWQ=="],

    "@tailwindcss/oxide-linux-x64-musl": ["@tailwindcss/oxide-linux-x64-musl@4.0.9", "", { "os": "linux", "cpu": "x64" }, "sha512-Kvp0TCkfeXyeehqLJr7otsc4hd/BUPfcIGrQiwsTVCfaMfjQZCG7DjI+9/QqPZha8YapLA9UoIcUILRYO7NE1Q=="],

    "@tailwindcss/oxide-win32-x64-msvc": ["@tailwindcss/oxide-win32-x64-msvc@4.0.9", "", { "os": "win32", "cpu": "x64" }, "sha512-dpc05mSlqkwVNOUjGu/ZXd5U1XNch1kHFJ4/cHkZFvaW1RzbHmRt24gvM8/HC6IirMxNarzVw4IXVtvrOoZtxA=="],

    "@types/bun": ["@types/bun@1.2.2", "", { "dependencies": { "bun-types": "1.2.2" } }, "sha512-tr74gdku+AEDN5ergNiBnplr7hpDp3V1h7fqI2GcR/rsUaM39jpSeKH0TFibRvU0KwniRx5POgaYnaXbk0hU+w=="],

    "@types/node": ["@types/node@22.13.9", "", { "dependencies": { "undici-types": "~6.20.0" } }, "sha512-acBjXdRJ3A6Pb3tqnw9HZmyR3Fiol3aGxRCK1x3d+6CDAMjl7I649wpSd+yNURCjbOUGu9tqtLKnTGxmK6CyGw=="],

    "@types/ws": ["@types/ws@8.5.14", "", { "dependencies": { "@types/node": "*" } }, "sha512-bd/YFLW+URhBzMXurx7lWByOu+xzU9+kb3RboOteXYDfW+tr+JZa99OyNmPINEGB/ahzKrEuc8rcv4gnpJmxTw=="],

    "bun-types": ["bun-types@1.2.2", "", { "dependencies": { "@types/node": "*", "@types/ws": "~8.5.10" } }, "sha512-RCbMH5elr9gjgDGDhkTTugA21XtJAy/9jkKe/G3WR2q17VPGhcquf9Sir6uay9iW+7P/BV0CAHA1XlHXMAVKHg=="],

    "enhanced-resolve": ["enhanced-resolve@5.18.1", "", { "dependencies": { "graceful-fs": "^4.2.4", "tapable": "^2.2.0" } }, "sha512-ZSW3ma5GkcQBIpwZTSRAI8N71Uuwgs93IezB7mf7R60tC8ZbJideoDNKjHn2O9KIlx6rkGTTEk1xUCK2E1Y2Yg=="],

    "graceful-fs": ["graceful-fs@4.2.11", "", {}, "sha512-RbJ5/jmFcNNCcDV5o9eTnBLJ/HszWV0P73bc+Ff4nS/rJj+YaS6IGyiOL0VoBYX+l1Wrl3k63h/KrH+nhJ0XvQ=="],

    "jiti": ["jiti@2.4.2", "", { "bin": { "jiti": "lib/jiti-cli.mjs" } }, "sha512-rg9zJN+G4n2nfJl5MW3BMygZX56zKPNVEYYqq7adpmMh4Jn2QNEwhvQlFy6jPVdcod7txZtKHWnyZiA3a0zP7A=="],

    "tailwindcss": ["tailwindcss@4.0.9", "", {}, "sha512-12laZu+fv1ONDRoNR9ipTOpUD7RN9essRVkX36sjxuRUInpN7hIiHN4lBd/SIFjbISvnXzp8h/hXzmU8SQQYhw=="],

    "tapable": ["tapable@2.2.1", "", {}, "sha512-GNzQvQTOIP6RyTfE2Qxb8ZVlNmw0n88vp1szwWRimP02mnTsx3Wtn5qRdqY9w2XduFNUgvOwhNnQsjwCp+kqaQ=="],

    "undici-types": ["undici-types@6.20.0", "", {}, "sha512-Ny6QZ2Nju20vw1SRHe3d9jVu6gJ+4e3+MMpqu7pqE5HT6WsTSlce++GQmK5UXS8mzV8DSYHrQH+Xrf2jVcuKNg=="],
  }
}
